
Microsoft Visual Studio Solution File, Format Version 12.00
# Visual Studio Version 16
VisualStudioVersion = 16.0.29201.188
MinimumVisualStudioVersion = 10.0.40219.1
Project("{FAE04EC0-301F-11D3-BF4B-00C04F79EFBC}") = "AgendaContatos", "AgendaContatos\AgendaContatos.csproj", "{5CCDC6C9-2F3E-443B-B2C4-083F2B803AC1}"
EndProject
Global
	GlobalSection(SolutionConfigurationPlatforms) = preSolution
		Debug|Any CPU = Debug|Any CPU
		Release|Any CPU = Release|Any CPU
	EndGlobalSection
	GlobalSection(ProjectConfigurationPlatforms) = postSolution
		{5CCDC6C9-2F3E-443B-B2C4-083F2B803AC1}.Debug|Any CPU.ActiveCfg = Debug|Any CPU
		{5CCDC6C9-2F3E-443B-B2C4-083F2B803AC1}.Debug|Any CPU.Build.0 = Debug|Any CPU
		{5CCDC6C9-2F3E-443B-B2C4-083F2B803AC1}.Release|Any CPU.ActiveCfg = Release|Any CPU
		{5CCDC6C9-2F3E-443B-B2C4-083F2B803AC1}.Release|Any CPU.Build.0 = Release|Any CPU
	EndGlobalSection
	GlobalSection(SolutionProperties) = preSolution
		HideSolutionNode = FALSE
	EndGlobalSection
	GlobalSection(ExtensibilityGlobals) = postSolution
		SolutionGuid = {36709EEF-EFFF-4EEB-8D7D-0E9949C65188}
	EndGlobalSection
EndGlobal
